
Microsoft Visual Studio Solution File, Format Version 12.00
Project("{FAE04EC0-301F-11D3-BF4B-00C04F79EFBC}") = "CommandLog", "CommandLog\CommandLog.csproj", "{1E910DC1-99A3-4708-B39A-F8BF12515ED9}"
EndProject
Project("{FAE04EC0-301F-11D3-BF4B-00C04F79EFBC}") = "WebApplicationExample", "WebApplicationExample\WebApplicationExample.csproj", "{35E3BF12-1BCA-47CB-8DC8-BBE5B910B66B}"
EndProject
Global
	GlobalSection(SolutionConfigurationPlatforms) = preSolution
		Debug|Any CPU = Debug|Any CPU
		Release|Any CPU = Release|Any CPU
	EndGlobalSection
	GlobalSection(ProjectConfigurationPlatforms) = postSolution
		{1E910DC1-99A3-4708-B39A-F8BF12515ED9}.Debug|Any CPU.ActiveCfg = Debug|Any CPU
		{1E910DC1-99A3-4708-B39A-F8BF12515ED9}.Debug|Any CPU.Build.0 = Debug|Any CPU
		{1E910DC1-99A3-4708-B39A-F8BF12515ED9}.Release|Any CPU.ActiveCfg = Release|Any CPU
		{1E910DC1-99A3-4708-B39A-F8BF12515ED9}.Release|Any CPU.Build.0 = Release|Any CPU
		{35E3BF12-1BCA-47CB-8DC8-BBE5B910B66B}.Debug|Any CPU.ActiveCfg = Debug|Any CPU
		{35E3BF12-1BCA-47CB-8DC8-BBE5B910B66B}.Debug|Any CPU.Build.0 = Debug|Any CPU
		{35E3BF12-1BCA-47CB-8DC8-BBE5B910B66B}.Release|Any CPU.ActiveCfg = Release|Any CPU
		{35E3BF12-1BCA-47CB-8DC8-BBE5B910B66B}.Release|Any CPU.Build.0 = Release|Any CPU
	EndGlobalSection
EndGlobal
